
Microsoft Visual Studio Solution File, Format Version 10.00
# Visual Studio 2008
Project("{FAE04EC0-301F-11D3-BF4B-00C04F79EFBC}") = "VraagMichel", "VraagMichel\VraagMichel.csproj", "{19446B46-D7E4-4D57-8D20-2B7677800B4B}"
EndProject
Project("{FAE04EC0-301F-11D3-BF4B-00C04F79EFBC}") = "Logics", "Logics\Logics.csproj", "{A2BD9A3D-C6FF-4C52-8E34-7DED6F258C5C}"
EndProject
Project("{FAE04EC0-301F-11D3-BF4B-00C04F79EFBC}") = "DTO", "DTO\DTO.csproj", "{EB05A592-CB04-44FC-9969-4CF60D06C759}"
EndProject
Project("{FAE04EC0-301F-11D3-BF4B-00C04F79EFBC}") = "Exceptions", "Exceptions\Exceptions.csproj", "{4575EEF8-C71A-4F40-BC8C-53FDC3834D07}"
EndProject
Project("{FAE04EC0-301F-11D3-BF4B-00C04F79EFBC}") = "RAO", "RAO\RAO.csproj", "{F1AE00DB-AE96-4FCA-B1AE-57AD0DA57E4C}"
EndProject
Global
	GlobalSection(SolutionConfigurationPlatforms) = preSolution
		Debug|Any CPU = Debug|Any CPU
		Release|Any CPU = Release|Any CPU
	EndGlobalSection
	GlobalSection(ProjectConfigurationPlatforms) = postSolution
		{19446B46-D7E4-4D57-8D20-2B7677800B4B}.Debug|Any CPU.ActiveCfg = Debug|Any CPU
		{19446B46-D7E4-4D57-8D20-2B7677800B4B}.Debug|Any CPU.Build.0 = Debug|Any CPU
		{19446B46-D7E4-4D57-8D20-2B7677800B4B}.Release|Any CPU.ActiveCfg = Release|Any CPU
		{19446B46-D7E4-4D57-8D20-2B7677800B4B}.Release|Any CPU.Build.0 = Release|Any CPU
		{A2BD9A3D-C6FF-4C52-8E34-7DED6F258C5C}.Debug|Any CPU.ActiveCfg = Debug|Any CPU
		{A2BD9A3D-C6FF-4C52-8E34-7DED6F258C5C}.Debug|Any CPU.Build.0 = Debug|Any CPU
		{A2BD9A3D-C6FF-4C52-8E34-7DED6F258C5C}.Release|Any CPU.ActiveCfg = Release|Any CPU
		{A2BD9A3D-C6FF-4C52-8E34-7DED6F258C5C}.Release|Any CPU.Build.0 = Release|Any CPU
		{EB05A592-CB04-44FC-9969-4CF60D06C759}.Debug|Any CPU.ActiveCfg = Debug|Any CPU
		{EB05A592-CB04-44FC-9969-4CF60D06C759}.Debug|Any CPU.Build.0 = Debug|Any CPU
		{EB05A592-CB04-44FC-9969-4CF60D06C759}.Release|Any CPU.ActiveCfg = Release|Any CPU
		{EB05A592-CB04-44FC-9969-4CF60D06C759}.Release|Any CPU.Build.0 = Release|Any CPU
		{4575EEF8-C71A-4F40-BC8C-53FDC3834D07}.Debug|Any CPU.ActiveCfg = Debug|Any CPU
		{4575EEF8-C71A-4F40-BC8C-53FDC3834D07}.Debug|Any CPU.Build.0 = Debug|Any CPU
		{4575EEF8-C71A-4F40-BC8C-53FDC3834D07}.Release|Any CPU.ActiveCfg = Release|Any CPU
		{4575EEF8-C71A-4F40-BC8C-53FDC3834D07}.Release|Any CPU.Build.0 = Release|Any CPU
		{F1AE00DB-AE96-4FCA-B1AE-57AD0DA57E4C}.Debug|Any CPU.ActiveCfg = Debug|Any CPU
		{F1AE00DB-AE96-4FCA-B1AE-57AD0DA57E4C}.Debug|Any CPU.Build.0 = Debug|Any CPU
		{F1AE00DB-AE96-4FCA-B1AE-57AD0DA57E4C}.Release|Any CPU.ActiveCfg = Release|Any CPU
		{F1AE00DB-AE96-4FCA-B1AE-57AD0DA57E4C}.Release|Any CPU.Build.0 = Release|Any CPU
	EndGlobalSection
	GlobalSection(SolutionProperties) = preSolution
		HideSolutionNode = FALSE
	EndGlobalSection
EndGlobal
